// !$*UTF8*$!
{
	archiveVersion = 1;
	classes = {
	};
	objectVersion = 46;
	objects = {

/* Begin PBXBuildFile section */
		2B036BBC1759CCEF003E4683 /* SavePlaceViewController.m in Sources */ = {isa = PBXBuildFile; fileRef = 2B036BBB1759CCEF003E4683 /* SavePlaceViewController.m */; };
		2B17CE54175B344A00F478A6 /* Blue_car_marker.png in Resources */ = {isa = PBXBuildFile; fileRef = 2B17CE52175B344A00F478A6 /* Blue_car_marker.png */; };
		2B17CE55175B344A00F478A6 /* Blue_car_marker@2x.png in Resources */ = {isa = PBXBuildFile; fileRef = 2B17CE53175B344A00F478A6 /* Blue_car_marker@2x.png */; };
		2B17CE59175B3E7500F478A6 /* home_marker.png in Resources */ = {isa = PBXBuildFile; fileRef = 2B17CE57175B3E7500F478A6 /* home_marker.png */; };
		2B17CE5A175B3E7500F478A6 /* home_marker@2x.png in Resources */ = {isa = PBXBuildFile; fileRef = 2B17CE58175B3E7500F478A6 /* home_marker@2x.png */; };
		2B17CE5D175B3E8100F478A6 /* office_marker.png in Resources */ = {isa = PBXBuildFile; fileRef = 2B17CE5B175B3E8100F478A6 /* office_marker.png */; };
		2B17CE5E175B3E8100F478A6 /* office_marker@2x.png in Resources */ = {isa = PBXBuildFile; fileRef = 2B17CE5C175B3E8100F478A6 /* office_marker@2x.png */; };
		2B17CE61175B3E8E00F478A6 /* favor_marker.png in Resources */ = {isa = PBXBuildFile; fileRef = 2B17CE5F175B3E8D00F478A6 /* favor_marker.png */; };
		2B17CE62175B3E8E00F478A6 /* favor_marker@2x.png in Resources */ = {isa = PBXBuildFile; fileRef = 2B17CE60175B3E8E00F478A6 /* favor_marker@2x.png */; };
		2B18AA8A1748758A00277F52 /* GoogleMaps.framework in Frameworks */ = {isa = PBXBuildFile; fileRef = 2B18AA891748758A00277F52 /* GoogleMaps.framework */; };
		2B18AA8C174875B200277F52 /* GoogleMaps.bundle in Resources */ = {isa = PBXBuildFile; fileRef = 2B18AA8B174875B200277F52 /* GoogleMaps.bundle */; };
		2B18AA8E174877BC00277F52 /* libc++.dylib in Frameworks */ = {isa = PBXBuildFile; fileRef = 2B18AA8D174877BC00277F52 /* libc++.dylib */; };
		2B1C47011788258800ED6D98 /* Icon.png in Resources */ = {isa = PBXBuildFile; fileRef = 2B1C47001788258800ED6D98 /* Icon.png */; };
		2B1C47031788259D00ED6D98 /* Icon@2x.png in Resources */ = {isa = PBXBuildFile; fileRef = 2B1C47021788259D00ED6D98 /* Icon@2x.png */; };
		2B1C470D17883A9800ED6D98 /* Icon-72.png in Resources */ = {isa = PBXBuildFile; fileRef = 2B1C470917883A9800ED6D98 /* Icon-72.png */; };
		2B1C470E17883A9800ED6D98 /* Icon-72@2x.png in Resources */ = {isa = PBXBuildFile; fileRef = 2B1C470A17883A9800ED6D98 /* Icon-72@2x.png */; };
		2B1C470F17883A9800ED6D98 /* Icon.png in Resources */ = {isa = PBXBuildFile; fileRef = 2B1C470B17883A9800ED6D98 /* Icon.png */; };
		2B1C471017883A9800ED6D98 /* Icon@2x.png in Resources */ = {isa = PBXBuildFile; fileRef = 2B1C470C17883A9800ED6D98 /* Icon@2x.png */; };
		2B1E034C176C8FF100CA7172 /* turn_left45.png in Resources */ = {isa = PBXBuildFile; fileRef = 2B1E0347176C8FF100CA7172 /* turn_left45.png */; };
		2B1E034D176C8FF100CA7172 /* turn_left90.png in Resources */ = {isa = PBXBuildFile; fileRef = 2B1E0348176C8FF100CA7172 /* turn_left90.png */; };
		2B1E034E176C8FF100CA7172 /* turn_right45.png in Resources */ = {isa = PBXBuildFile; fileRef = 2B1E0349176C8FF100CA7172 /* turn_right45.png */; };
		2B1E034F176C8FF100CA7172 /* turn_right90.png in Resources */ = {isa = PBXBuildFile; fileRef = 2B1E034A176C8FF100CA7172 /* turn_right90.png */; };
		2B1E0350176C8FF100CA7172 /* turn_straight.png in Resources */ = {isa = PBXBuildFile; fileRef = 2B1E034B176C8FF100CA7172 /* turn_straight.png */; };
		2B3907F1176D6B0A00E5F428 /* RouteGuideMenu.xib in Resources */ = {isa = PBXBuildFile; fileRef = 2B3907F0176D6B0A00E5F428 /* RouteGuideMenu.xib */; };
		2B4B3121175AF25800426D60 /* SelectPlaceViewController.m in Sources */ = {isa = PBXBuildFile; fileRef = 2B4B3120175AF25800426D60 /* SelectPlaceViewController.m */; };
		2B69865B174787A00000BB2D /* searched_place_icon.png in Resources */ = {isa = PBXBuildFile; fileRef = 2B6986591747879B0000BB2D /* searched_place_icon.png */; };
		2B69865C174787A00000BB2D /* searched_place_icon@2x.png in Resources */ = {isa = PBXBuildFile; fileRef = 2B69865A1747879E0000BB2D /* searched_place_icon@2x.png */; };
		2B6A6BF2178719D8005FC851 /* libTestFlight.a in Frameworks */ = {isa = PBXBuildFile; fileRef = 2B6A6BF1178719D8005FC851 /* libTestFlight.a */; };
		2B6CBF9116DFA6050095CBD4 /* LanscapeUIViewController.m in Sources */ = {isa = PBXBuildFile; fileRef = 2B6CBF9016DFA6050095CBD4 /* LanscapeUIViewController.m */; };
		2B6CBFFE16DFAA180095CBD4 /* libNaviUtil.a in Frameworks */ = {isa = PBXBuildFile; fileRef = 2B6CBFF916DFAA040095CBD4 /* libNaviUtil.a */; };
		2B6FCDC0178D9CAF00DCFAAF /* CarPanels.storyboard in Resources */ = {isa = PBXBuildFile; fileRef = 2B6FCDBF178D9CAF00DCFAAF /* CarPanels.storyboard */; };
		2B76744A175CDD91008E6566 /* RouteNavigationViewController.m in Sources */ = {isa = PBXBuildFile; fileRef = 2B767449175CDD91008E6566 /* RouteNavigationViewController.m */; };
		2B792A5617007FC300353349 /* Blue_car.png in Resources */ = {isa = PBXBuildFile; fileRef = 2B7929D717007FC300353349 /* Blue_car.png */; };
		2B792A7117007FC300353349 /* Green_car_marker.png in Resources */ = {isa = PBXBuildFile; fileRef = 2B7929F217007FC300353349 /* Green_car_marker.png */; };
		2B792A7217007FC300353349 /* Green_car_marker@2x.png in Resources */ = {isa = PBXBuildFile; fileRef = 2B7929F317007FC300353349 /* Green_car_marker@2x.png */; };
		2B792A8117007FC300353349 /* Map-Marker-Chequered-Flag-Right-Chartreuse_marker.png in Resources */ = {isa = PBXBuildFile; fileRef = 2B792A0217007FC300353349 /* Map-Marker-Chequered-Flag-Right-Chartreuse_marker.png */; };
		2B792A8217007FC300353349 /* Map-Marker-Chequered-Flag-Right-Chartreuse_marker@2x.png in Resources */ = {isa = PBXBuildFile; fileRef = 2B792A0317007FC300353349 /* Map-Marker-Chequered-Flag-Right-Chartreuse_marker@2x.png */; };
		2B792A9417007FC300353349 /* minus_remove_green.png in Resources */ = {isa = PBXBuildFile; fileRef = 2B792A1517007FC300353349 /* minus_remove_green.png */; };
		2B792ABC17007FC300353349 /* plus_add_green.png in Resources */ = {isa = PBXBuildFile; fileRef = 2B792A3D17007FC300353349 /* plus_add_green.png */; };
		2B792ABF17007FC300353349 /* setting.png in Resources */ = {isa = PBXBuildFile; fileRef = 2B792A4017007FC300353349 /* setting.png */; };
		2B831C24177E7481006E35CD /* Green_car.png in Resources */ = {isa = PBXBuildFile; fileRef = 2B831C23177E7481006E35CD /* Green_car.png */; };
		2B831C2A177E779B006E35CD /* CarPanel1ViewController.m in Sources */ = {isa = PBXBuildFile; fileRef = 2B831C29177E779B006E35CD /* CarPanel1ViewController.m */; };
		2B86AEA117A3C58C00A948D8 /* ic_search1.png in Resources */ = {isa = PBXBuildFile; fileRef = 2B86AEA017A3C58C00A948D8 /* ic_search1.png */; };
		2B8C5CAD174134B700260836 /* PlaceSearchViewController.m in Sources */ = {isa = PBXBuildFile; fileRef = 2B8C5CAC174134B700260836 /* PlaceSearchViewController.m */; };
		2B9351091775433600721094 /* DebugMenuViewController.m in Sources */ = {isa = PBXBuildFile; fileRef = 2B9351081775433600721094 /* DebugMenuViewController.m */; };
		2B93510C177546B500721094 /* DebugMenu.xib in Resources */ = {isa = PBXBuildFile; fileRef = 2B93510B177546B500721094 /* DebugMenu.xib */; };
		2B94C8D817A4A744002581F3 /* Current Location.png in Resources */ = {isa = PBXBuildFile; fileRef = 2B94C8D617A4A744002581F3 /* Current Location.png */; };
		2B94C8D917A4A744002581F3 /* Current Location@2x.png in Resources */ = {isa = PBXBuildFile; fileRef = 2B94C8D717A4A744002581F3 /* Current Location@2x.png */; };
		2B94C8E517A5407C002581F3 /* jasmineupcbold.ttf in Resources */ = {isa = PBXBuildFile; fileRef = 2B94C8E417A5407C002581F3 /* jasmineupcbold.ttf */; };
		2B94C8F817A554D6002581F3 /* 3g.png in Resources */ = {isa = PBXBuildFile; fileRef = 2B94C8F017A554D6002581F3 /* 3g.png */; };
		2B94C8F917A554D6002581F3 /* 3g@2x.png in Resources */ = {isa = PBXBuildFile; fileRef = 2B94C8F117A554D6002581F3 /* 3g@2x.png */; };
		2B94C8FB17A554D6002581F3 /* battery@2x.png in Resources */ = {isa = PBXBuildFile; fileRef = 2B94C8F317A554D6002581F3 /* battery@2x.png */; };
		2B94C8FC17A554D6002581F3 /* course frame.png in Resources */ = {isa = PBXBuildFile; fileRef = 2B94C8F417A554D6002581F3 /* course frame.png */; };
		2B94C8FD17A554D6002581F3 /* course frame@2x.png in Resources */ = {isa = PBXBuildFile; fileRef = 2B94C8F517A554D6002581F3 /* course frame@2x.png */; };
		2B94C8FE17A554D6002581F3 /* gps.png in Resources */ = {isa = PBXBuildFile; fileRef = 2B94C8F617A554D6002581F3 /* gps.png */; };
		2B94C8FF17A554D6002581F3 /* gps@2x.png in Resources */ = {isa = PBXBuildFile; fileRef = 2B94C8F717A554D6002581F3 /* gps@2x.png */; };
		2B94C90317A55548002581F3 /* battery.png in Resources */ = {isa = PBXBuildFile; fileRef = 2B94C90217A55548002581F3 /* battery.png */; };
		2B9A431916DB955F00FD1A54 /* UIKit.framework in Frameworks */ = {isa = PBXBuildFile; fileRef = 2B9A431816DB955F00FD1A54 /* UIKit.framework */; };
		2B9A431B16DB955F00FD1A54 /* Foundation.framework in Frameworks */ = {isa = PBXBuildFile; fileRef = 2B9A431A16DB955F00FD1A54 /* Foundation.framework */; };
		2B9A431D16DB955F00FD1A54 /* CoreGraphics.framework in Frameworks */ = {isa = PBXBuildFile; fileRef = 2B9A431C16DB955F00FD1A54 /* CoreGraphics.framework */; };
		2B9A432316DB955F00FD1A54 /* InfoPlist.strings in Resources */ = {isa = PBXBuildFile; fileRef = 2B9A432116DB955F00FD1A54 /* InfoPlist.strings */; };
		2B9A432516DB955F00FD1A54 /* main.m in Sources */ = {isa = PBXBuildFile; fileRef = 2B9A432416DB955F00FD1A54 /* main.m */; };
		2B9A432916DB955F00FD1A54 /* AppDelegate.m in Sources */ = {isa = PBXBuildFile; fileRef = 2B9A432816DB955F00FD1A54 /* AppDelegate.m */; };
		2B9A432D16DB955F00FD1A54 /* Default@2x.png in Resources */ = {isa = PBXBuildFile; fileRef = 2B9A432C16DB955F00FD1A54 /* Default@2x.png */; };
		2B9A432F16DB955F00FD1A54 /* Default-568h@2x.png in Resources */ = {isa = PBXBuildFile; fileRef = 2B9A432E16DB955F00FD1A54 /* Default-568h@2x.png */; };
		2B9A433216DB955F00FD1A54 /* MainStoryboard_iPhone.storyboard in Resources */ = {isa = PBXBuildFile; fileRef = 2B9A433016DB955F00FD1A54 /* MainStoryboard_iPhone.storyboard */; };
		2B9A433516DB955F00FD1A54 /* MainStoryboard_iPad.storyboard in Resources */ = {isa = PBXBuildFile; fileRef = 2B9A433316DB955F00FD1A54 /* MainStoryboard_iPad.storyboard */; };
		2B9A433816DB955F00FD1A54 /* ViewController.m in Sources */ = {isa = PBXBuildFile; fileRef = 2B9A433716DB955F00FD1A54 /* ViewController.m */; };
		2B9A434016DB955F00FD1A54 /* SenTestingKit.framework in Frameworks */ = {isa = PBXBuildFile; fileRef = 2B9A433F16DB955F00FD1A54 /* SenTestingKit.framework */; };
		2B9A434116DB955F00FD1A54 /* UIKit.framework in Frameworks */ = {isa = PBXBuildFile; fileRef = 2B9A431816DB955F00FD1A54 /* UIKit.framework */; };
		2B9A434216DB955F00FD1A54 /* Foundation.framework in Frameworks */ = {isa = PBXBuildFile; fileRef = 2B9A431A16DB955F00FD1A54 /* Foundation.framework */; };
		2B9A434A16DB955F00FD1A54 /* InfoPlist.strings in Resources */ = {isa = PBXBuildFile; fileRef = 2B9A434816DB955F00FD1A54 /* InfoPlist.strings */; };
		2B9A434D16DB955F00FD1A54 /* NavierIOSTests.m in Sources */ = {isa = PBXBuildFile; fileRef = 2B9A434C16DB955F00FD1A54 /* NavierIOSTests.m */; };
		2B9A436116DB996600FD1A54 /* AVFoundation.framework in Frameworks */ = {isa = PBXBuildFile; fileRef = 2B9A436016DB996600FD1A54 /* AVFoundation.framework */; };
		2B9A436316DB996B00FD1A54 /* CoreData.framework in Frameworks */ = {isa = PBXBuildFile; fileRef = 2B9A436216DB996B00FD1A54 /* CoreData.framework */; };
		2B9A436516DB997400FD1A54 /* CoreLocation.framework in Frameworks */ = {isa = PBXBuildFile; fileRef = 2B9A436416DB997400FD1A54 /* CoreLocation.framework */; };
		2B9A436716DB998000FD1A54 /* GLKit.framework in Frameworks */ = {isa = PBXBuildFile; fileRef = 2B9A436616DB998000FD1A54 /* GLKit.framework */; };
		2B9A436916DB998C00FD1A54 /* ImageIO.framework in Frameworks */ = {isa = PBXBuildFile; fileRef = 2B9A436816DB998C00FD1A54 /* ImageIO.framework */; };
		2B9A436B16DB99A400FD1A54 /* libicucore.dylib in Frameworks */ = {isa = PBXBuildFile; fileRef = 2B9A436A16DB99A400FD1A54 /* libicucore.dylib */; };
		2B9A436F16DB99C000FD1A54 /* libz.dylib in Frameworks */ = {isa = PBXBuildFile; fileRef = 2B9A436E16DB99C000FD1A54 /* libz.dylib */; };
		2B9A437116DB99C700FD1A54 /* OpenGLES.framework in Frameworks */ = {isa = PBXBuildFile; fileRef = 2B9A437016DB99C700FD1A54 /* OpenGLES.framework */; };
		2B9A437316DB99D100FD1A54 /* QuartzCore.framework in Frameworks */ = {isa = PBXBuildFile; fileRef = 2B9A437216DB99D100FD1A54 /* QuartzCore.framework */; };
		2B9A437516DB99D900FD1A54 /* SystemConfiguration.framework in Frameworks */ = {isa = PBXBuildFile; fileRef = 2B9A437416DB99D900FD1A54 /* SystemConfiguration.framework */; };
		2B9A437816DB9B5F00FD1A54 /* GoogleMapUIViewController.m in Sources */ = {isa = PBXBuildFile; fileRef = 2B9A437716DB9B5F00FD1A54 /* GoogleMapUIViewController.m */; };
		2B9A437B16DBA0BC00FD1A54 /* CoreText.framework in Frameworks */ = {isa = PBXBuildFile; fileRef = 2B9A437A16DBA0BC00FD1A54 /* CoreText.framework */; };
		2BC61A49173E3DCC00990DA7 /* bg.jpg in Resources */ = {isa = PBXBuildFile; fileRef = 2BC61A48173E3DCC00990DA7 /* bg.jpg */; };
		2BCFE04317031BE200636F58 /* RouteTableViewController.m in Sources */ = {isa = PBXBuildFile; fileRef = 2BCFE04217031BE200636F58 /* RouteTableViewController.m */; };
		2BD8CE811701EB7500BDA678 /* Default.png in Resources */ = {isa = PBXBuildFile; fileRef = 2BD8CE801701EB7500BDA678 /* Default.png */; };
		2BE1CE6C174BA5830053995F /* MarkMenu.xib in Resources */ = {isa = PBXBuildFile; fileRef = 2BE1CE6B174BA5830053995F /* MarkMenu.xib */; };
		2BECCE241709B78100F58CE0 /* iAd.framework in Frameworks */ = {isa = PBXBuildFile; fileRef = 2BECCE231709B78100F58CE0 /* iAd.framework */; };
/* End PBXBuildFile section */

/* Begin PBXContainerItemProxy section */
		2B6CBFF816DFAA040095CBD4 /* PBXContainerItemProxy */ = {
			isa = PBXContainerItemProxy;
			containerPortal = 2B6CBFF316DFAA030095CBD4 /* NaviUtil.xcodeproj */;
			proxyType = 2;
			remoteGlobalIDString = 2B6CBF9E16DFA6D90095CBD4;
			remoteInfo = NaviUtil;
		};
		2B6CBFFA16DFAA040095CBD4 /* PBXContainerItemProxy */ = {
			isa = PBXContainerItemProxy;
			containerPortal = 2B6CBFF316DFAA030095CBD4 /* NaviUtil.xcodeproj */;
			proxyType = 2;
			remoteGlobalIDString = 2B6CBFAF16DFA6DA0095CBD4;
			remoteInfo = NaviUtilTests;
		};
		2B6CBFFC16DFAA100095CBD4 /* PBXContainerItemProxy */ = {
			isa = PBXContainerItemProxy;
			containerPortal = 2B6CBFF316DFAA030095CBD4 /* NaviUtil.xcodeproj */;
			proxyType = 1;
			remoteGlobalIDString = 2B6CBF9D16DFA6D90095CBD4;
			remoteInfo = NaviUtil;
		};
		2B9A434316DB955F00FD1A54 /* PBXContainerItemProxy */ = {
			isa = PBXContainerItemProxy;
			containerPortal = 2B9A430D16DB955F00FD1A54 /* Project object */;
			proxyType = 1;
			remoteGlobalIDString = 2B9A431416DB955F00FD1A54;
			remoteInfo = NavierIOS;
		};
/* End PBXContainerItemProxy section */

/* Begin PBXFileReference section */
		2B036BBA1759CCEF003E4683 /* SavePlaceViewController.h */ = {isa = PBXFileReference; fileEncoding = 4; lastKnownFileType = sourcecode.c.h; path = SavePlaceViewController.h; sourceTree = "<group>"; };
		2B036BBB1759CCEF003E4683 /* SavePlaceViewController.m */ = {isa = PBXFileReference; fileEncoding = 4; lastKnownFileType = sourcecode.c.objc; path = SavePlaceViewController.m; sourceTree = "<group>"; };
		2B17CE52175B344A00F478A6 /* Blue_car_marker.png */ = {isa = PBXFileReference; lastKnownFileType = image.png; path = Blue_car_marker.png; sourceTree = "<group>"; };
		2B17CE53175B344A00F478A6 /* Blue_car_marker@2x.png */ = {isa = PBXFileReference; lastKnownFileType = image.png; path = "Blue_car_marker@2x.png"; sourceTree = "<group>"; };
		2B17CE57175B3E7500F478A6 /* home_marker.png */ = {isa = PBXFileReference; lastKnownFileType = image.png; path = home_marker.png; sourceTree = "<group>"; };
		2B17CE58175B3E7500F478A6 /* home_marker@2x.png */ = {isa = PBXFileReference; lastKnownFileType = image.png; path = "home_marker@2x.png"; sourceTree = "<group>"; };
		2B17CE5B175B3E8100F478A6 /* office_marker.png */ = {isa = PBXFileReference; lastKnownFileType = image.png; path = office_marker.png; sourceTree = "<group>"; };
		2B17CE5C175B3E8100F478A6 /* office_marker@2x.png */ = {isa = PBXFileReference; lastKnownFileType = image.png; path = "office_marker@2x.png"; sourceTree = "<group>"; };
		2B17CE5F175B3E8D00F478A6 /* favor_marker.png */ = {isa = PBXFileReference; lastKnownFileType = image.png; path = favor_marker.png; sourceTree = "<group>"; };
		2B17CE60175B3E8E00F478A6 /* favor_marker@2x.png */ = {isa = PBXFileReference; lastKnownFileType = image.png; path = "favor_marker@2x.png"; sourceTree = "<group>"; };
		2B18AA891748758A00277F52 /* GoogleMaps.framework */ = {isa = PBXFileReference; lastKnownFileType = wrapper.framework; path = GoogleMaps.framework; sourceTree = "<group>"; };
		2B18AA8B174875B200277F52 /* GoogleMaps.bundle */ = {isa = PBXFileReference; lastKnownFileType = "wrapper.plug-in"; name = GoogleMaps.bundle; path = "../../ios/framework/GoogleMaps-iOS-1.3.0/GoogleMaps.framework/Versions/A/Resources/GoogleMaps.bundle"; sourceTree = "<group>"; };
		2B18AA8D174877BC00277F52 /* libc++.dylib */ = {isa = PBXFileReference; lastKnownFileType = "compiled.mach-o.dylib"; name = "libc++.dylib"; path = "usr/lib/libc++.dylib"; sourceTree = SDKROOT; };
		2B1C47001788258800ED6D98 /* Icon.png */ = {isa = PBXFileReference; lastKnownFileType = image.png; name = Icon.png; path = ../../Icon.png; sourceTree = "<group>"; };
		2B1C47021788259D00ED6D98 /* Icon@2x.png */ = {isa = PBXFileReference; lastKnownFileType = image.png; name = "Icon@2x.png"; path = "../../Icon@2x.png"; sourceTree = "<group>"; };
		2B1C470917883A9800ED6D98 /* Icon-72.png */ = {isa = PBXFileReference; lastKnownFileType = image.png; name = "Icon-72.png"; path = "../Icon-72.png"; sourceTree = "<group>"; };
		2B1C470A17883A9800ED6D98 /* Icon-72@2x.png */ = {isa = PBXFileReference; lastKnownFileType = image.png; name = "Icon-72@2x.png"; path = "../Icon-72@2x.png"; sourceTree = "<group>"; };
		2B1C470B17883A9800ED6D98 /* Icon.png */ = {isa = PBXFileReference; lastKnownFileType = image.png; name = Icon.png; path = ../Icon.png; sourceTree = "<group>"; };
		2B1C470C17883A9800ED6D98 /* Icon@2x.png */ = {isa = PBXFileReference; lastKnownFileType = image.png; name = "Icon@2x.png"; path = "../Icon@2x.png"; sourceTree = "<group>"; };
		2B1E0347176C8FF100CA7172 /* turn_left45.png */ = {isa = PBXFileReference; lastKnownFileType = image.png; path = turn_left45.png; sourceTree = "<group>"; };
		2B1E0348176C8FF100CA7172 /* turn_left90.png */ = {isa = PBXFileReference; lastKnownFileType = image.png; path = turn_left90.png; sourceTree = "<group>"; };
		2B1E0349176C8FF100CA7172 /* turn_right45.png */ = {isa = PBXFileReference; lastKnownFileType = image.png; path = turn_right45.png; sourceTree = "<group>"; };
		2B1E034A176C8FF100CA7172 /* turn_right90.png */ = {isa = PBXFileReference; lastKnownFileType = image.png; path = turn_right90.png; sourceTree = "<group>"; };
		2B1E034B176C8FF100CA7172 /* turn_straight.png */ = {isa = PBXFileReference; lastKnownFileType = image.png; path = turn_straight.png; sourceTree = "<group>"; };
		2B3907F0176D6B0A00E5F428 /* RouteGuideMenu.xib */ = {isa = PBXFileReference; fileEncoding = 4; lastKnownFileType = file.xib; path = RouteGuideMenu.xib; sourceTree = "<group>"; };
		2B4B311F175AF25800426D60 /* SelectPlaceViewController.h */ = {isa = PBXFileReference; fileEncoding = 4; lastKnownFileType = sourcecode.c.h; path = SelectPlaceViewController.h; sourceTree = "<group>"; };
		2B4B3120175AF25800426D60 /* SelectPlaceViewController.m */ = {isa = PBXFileReference; fileEncoding = 4; lastKnownFileType = sourcecode.c.objc; path = SelectPlaceViewController.m; sourceTree = "<group>"; };
		2B6986591747879B0000BB2D /* searched_place_icon.png */ = {isa = PBXFileReference; lastKnownFileType = image.png; path = searched_place_icon.png; sourceTree = "<group>"; };
		2B69865A1747879E0000BB2D /* searched_place_icon@2x.png */ = {isa = PBXFileReference; lastKnownFileType = image.png; path = "searched_place_icon@2x.png"; sourceTree = "<group>"; };
		2B6A6BF1178719D8005FC851 /* libTestFlight.a */ = {isa = PBXFileReference; lastKnownFileType = archive.ar; name = libTestFlight.a; path = ../../ios/framework/TestFlightSDK1.2.6/libTestFlight.a; sourceTree = "<group>"; };
		2B6CBF8F16DFA6050095CBD4 /* LanscapeUIViewController.h */ = {isa = PBXFileReference; fileEncoding = 4; lastKnownFileType = sourcecode.c.h; path = LanscapeUIViewController.h; sourceTree = "<group>"; };
		2B6CBF9016DFA6050095CBD4 /* LanscapeUIViewController.m */ = {isa = PBXFileReference; fileEncoding = 4; lastKnownFileType = sourcecode.c.objc; path = LanscapeUIViewController.m; sourceTree = "<group>"; };
		2B6CBFF316DFAA030095CBD4 /* NaviUtil.xcodeproj */ = {isa = PBXFileReference; lastKnownFileType = "wrapper.pb-project"; name = NaviUtil.xcodeproj; path = ../NaviUtil/NaviUtil.xcodeproj; sourceTree = "<group>"; };
		2B6FCDBF178D9CAF00DCFAAF /* CarPanels.storyboard */ = {isa = PBXFileReference; fileEncoding = 4; lastKnownFileType = file.storyboard; path = CarPanels.storyboard; sourceTree = "<group>"; };
		2B767448175CDD91008E6566 /* RouteNavigationViewController.h */ = {isa = PBXFileReference; fileEncoding = 4; lastKnownFileType = sourcecode.c.h; path = RouteNavigationViewController.h; sourceTree = "<group>"; };
		2B767449175CDD91008E6566 /* RouteNavigationViewController.m */ = {isa = PBXFileReference; fileEncoding = 4; lastKnownFileType = sourcecode.c.objc; path = RouteNavigationViewController.m; sourceTree = "<group>"; };
		2B7929D717007FC300353349 /* Blue_car.png */ = {isa = PBXFileReference; lastKnownFileType = image.png; path = Blue_car.png; sourceTree = "<group>"; };
		2B7929F217007FC300353349 /* Green_car_marker.png */ = {isa = PBXFileReference; lastKnownFileType = image.png; path = Green_car_marker.png; sourceTree = "<group>"; };
		2B7929F317007FC300353349 /* Green_car_marker@2x.png */ = {isa = PBXFileReference; lastKnownFileType = image.png; path = "Green_car_marker@2x.png"; sourceTree = "<group>"; };
		2B792A0217007FC300353349 /* Map-Marker-Chequered-Flag-Right-Chartreuse_marker.png */ = {isa = PBXFileReference; lastKnownFileType = image.png; path = "Map-Marker-Chequered-Flag-Right-Chartreuse_marker.png"; sourceTree = "<group>"; };
		2B792A0317007FC300353349 /* Map-Marker-Chequered-Flag-Right-Chartreuse_marker@2x.png */ = {isa = PBXFileReference; lastKnownFileType = image.png; path = "Map-Marker-Chequered-Flag-Right-Chartreuse_marker@2x.png"; sourceTree = "<group>"; };
		2B792A1517007FC300353349 /* minus_remove_green.png */ = {isa = PBXFileReference; lastKnownFileType = image.png; path = minus_remove_green.png; sourceTree = "<group>"; };
		2B792A3D17007FC300353349 /* plus_add_green.png */ = {isa = PBXFileReference; lastKnownFileType = image.png; path = plus_add_green.png; sourceTree = "<group>"; };
		2B792A4017007FC300353349 /* setting.png */ = {isa = PBXFileReference; lastKnownFileType = image.png; path = setting.png; sourceTree = "<group>"; };
		2B831C23177E7481006E35CD /* Green_car.png */ = {isa = PBXFileReference; lastKnownFileType = image.png; path = Green_car.png; sourceTree = "<group>"; };
		2B831C28177E779B006E35CD /* CarPanel1ViewController.h */ = {isa = PBXFileReference; fileEncoding = 4; lastKnownFileType = sourcecode.c.h; path = CarPanel1ViewController.h; sourceTree = "<group>"; };
		2B831C29177E779B006E35CD /* CarPanel1ViewController.m */ = {isa = PBXFileReference; fileEncoding = 4; lastKnownFileType = sourcecode.c.objc; path = CarPanel1ViewController.m; sourceTree = "<group>"; };
		2B86AEA017A3C58C00A948D8 /* ic_search1.png */ = {isa = PBXFileReference; lastKnownFileType = image.png; name = ic_search1.png; path = ../../../../ios/image/icon/ic_search1.png; sourceTree = "<group>"; };
		2B8C5CAB174134B700260836 /* PlaceSearchViewController.h */ = {isa = PBXFileReference; fileEncoding = 4; lastKnownFileType = sourcecode.c.h; path = PlaceSearchViewController.h; sourceTree = "<group>"; };
		2B8C5CAC174134B700260836 /* PlaceSearchViewController.m */ = {isa = PBXFileReference; fileEncoding = 4; lastKnownFileType = sourcecode.c.objc; path = PlaceSearchViewController.m; sourceTree = "<group>"; };
		2B9351071775433600721094 /* DebugMenuViewController.h */ = {isa = PBXFileReference; fileEncoding = 4; lastKnownFileType = sourcecode.c.h; name = DebugMenuViewController.h; path = NavierIOS/DebugMenuViewController.h; sourceTree = "<group>"; };
		2B9351081775433600721094 /* DebugMenuViewController.m */ = {isa = PBXFileReference; fileEncoding = 4; lastKnownFileType = sourcecode.c.objc; name = DebugMenuViewController.m; path = NavierIOS/DebugMenuViewController.m; sourceTree = "<group>"; };
		2B93510B177546B500721094 /* DebugMenu.xib */ = {isa = PBXFileReference; fileEncoding = 4; lastKnownFileType = file.xib; path = DebugMenu.xib; sourceTree = "<group>"; };
		2B94C8D617A4A744002581F3 /* Current Location.png */ = {isa = PBXFileReference; lastKnownFileType = image.png; path = "Current Location.png"; sourceTree = "<group>"; };
		2B94C8D717A4A744002581F3 /* Current Location@2x.png */ = {isa = PBXFileReference; lastKnownFileType = image.png; path = "Current Location@2x.png"; sourceTree = "<group>"; };
		2B94C8E417A5407C002581F3 /* jasmineupcbold.ttf */ = {isa = PBXFileReference; lastKnownFileType = file; path = jasmineupcbold.ttf; sourceTree = "<group>"; };
		2B94C8F017A554D6002581F3 /* 3g.png */ = {isa = PBXFileReference; lastKnownFileType = image.png; path = 3g.png; sourceTree = "<group>"; };
		2B94C8F117A554D6002581F3 /* 3g@2x.png */ = {isa = PBXFileReference; lastKnownFileType = image.png; path = "3g@2x.png"; sourceTree = "<group>"; };
		2B94C8F317A554D6002581F3 /* battery@2x.png */ = {isa = PBXFileReference; lastKnownFileType = image.png; path = "battery@2x.png"; sourceTree = "<group>"; };
		2B94C8F417A554D6002581F3 /* course frame.png */ = {isa = PBXFileReference; lastKnownFileType = image.png; path = "course frame.png"; sourceTree = "<group>"; };
		2B94C8F517A554D6002581F3 /* course frame@2x.png */ = {isa = PBXFileReference; lastKnownFileType = image.png; path = "course frame@2x.png"; sourceTree = "<group>"; };
		2B94C8F617A554D6002581F3 /* gps.png */ = {isa = PBXFileReference; lastKnownFileType = image.png; path = gps.png; sourceTree = "<group>"; };
		2B94C8F717A554D6002581F3 /* gps@2x.png */ = {isa = PBXFileReference; lastKnownFileType = image.png; path = "gps@2x.png"; sourceTree = "<group>"; };
		2B94C90217A55548002581F3 /* battery.png */ = {isa = PBXFileReference; lastKnownFileType = image.png; path = battery.png; sourceTree = "<group>"; };
		2B9A431516DB955F00FD1A54 /* NavierHUD.app */ = {isa = PBXFileReference; explicitFileType = wrapper.application; includeInIndex = 0; path = NavierHUD.app; sourceTree = BUILT_PRODUCTS_DIR; };
		2B9A431816DB955F00FD1A54 /* UIKit.framework */ = {isa = PBXFileReference; lastKnownFileType = wrapper.framework; name = UIKit.framework; path = System/Library/Frameworks/UIKit.framework; sourceTree = SDKROOT; };
		2B9A431A16DB955F00FD1A54 /* Foundation.framework */ = {isa = PBXFileReference; lastKnownFileType = wrapper.framework; name = Foundation.framework; path = System/Library/Frameworks/Foundation.framework; sourceTree = SDKROOT; };
		2B9A431C16DB955F00FD1A54 /* CoreGraphics.framework */ = {isa = PBXFileReference; lastKnownFileType = wrapper.framework; name = CoreGraphics.framework; path = System/Library/Frameworks/CoreGraphics.framework; sourceTree = SDKROOT; };
		2B9A432016DB955F00FD1A54 /* NavierIOS-Info.plist */ = {isa = PBXFileReference; lastKnownFileType = text.plist.xml; path = "NavierIOS-Info.plist"; sourceTree = "<group>"; };
		2B9A432216DB955F00FD1A54 /* en */ = {isa = PBXFileReference; lastKnownFileType = text.plist.strings; name = en; path = en.lproj/InfoPlist.strings; sourceTree = "<group>"; };
		2B9A432416DB955F00FD1A54 /* main.m */ = {isa = PBXFileReference; lastKnownFileType = sourcecode.c.objc; path = main.m; sourceTree = "<group>"; };
		2B9A432616DB955F00FD1A54 /* NavierIOS-Prefix.pch */ = {isa = PBXFileReference; lastKnownFileType = sourcecode.c.h; path = "NavierIOS-Prefix.pch"; sourceTree = "<group>"; };
		2B9A432716DB955F00FD1A54 /* AppDelegate.h */ = {isa = PBXFileReference; lastKnownFileType = sourcecode.c.h; path = AppDelegate.h; sourceTree = "<group>"; };
		2B9A432816DB955F00FD1A54 /* AppDelegate.m */ = {isa = PBXFileReference; lastKnownFileType = sourcecode.c.objc; path = AppDelegate.m; sourceTree = "<group>"; };
		2B9A432C16DB955F00FD1A54 /* Default@2x.png */ = {isa = PBXFileReference; lastKnownFileType = image.png; path = "Default@2x.png"; sourceTree = "<group>"; };
		2B9A432E16DB955F00FD1A54 /* Default-568h@2x.png */ = {isa = PBXFileReference; lastKnownFileType = image.png; path = "Default-568h@2x.png"; sourceTree = "<group>"; };
		2B9A433116DB955F00FD1A54 /* en */ = {isa = PBXFileReference; lastKnownFileType = file.storyboard; name = en; path = en.lproj/MainStoryboard_iPhone.storyboard; sourceTree = "<group>"; };
		2B9A433416DB955F00FD1A54 /* en */ = {isa = PBXFileReference; lastKnownFileType = file.storyboard; name = en; path = en.lproj/MainStoryboard_iPad.storyboard; sourceTree = "<group>"; };
		2B9A433616DB955F00FD1A54 /* ViewController.h */ = {isa = PBXFileReference; lastKnownFileType = sourcecode.c.h; path = ViewController.h; sourceTree = "<group>"; };
		2B9A433716DB955F00FD1A54 /* ViewController.m */ = {isa = PBXFileReference; lastKnownFileType = sourcecode.c.objc; path = ViewController.m; sourceTree = "<group>"; };
		2B9A433E16DB955F00FD1A54 /* NavierIOSTests.octest */ = {isa = PBXFileReference; explicitFileType = wrapper.cfbundle; includeInIndex = 0; path = NavierIOSTests.octest; sourceTree = BUILT_PRODUCTS_DIR; };
		2B9A433F16DB955F00FD1A54 /* SenTestingKit.framework */ = {isa = PBXFileReference; lastKnownFileType = wrapper.framework; name = SenTestingKit.framework; path = Library/Frameworks/SenTestingKit.framework; sourceTree = DEVELOPER_DIR; };
		2B9A434716DB955F00FD1A54 /* NavierIOSTests-Info.plist */ = {isa = PBXFileReference; lastKnownFileType = text.plist.xml; path = "NavierIOSTests-Info.plist"; sourceTree = "<group>"; };
		2B9A434916DB955F00FD1A54 /* en */ = {isa = PBXFileReference; lastKnownFileType = text.plist.strings; name = en; path = en.lproj/InfoPlist.strings; sourceTree = "<group>"; };
		2B9A434B16DB955F00FD1A54 /* NavierIOSTests.h */ = {isa = PBXFileReference; lastKnownFileType = sourcecode.c.h; path = NavierIOSTests.h; sourceTree = "<group>"; };
		2B9A434C16DB955F00FD1A54 /* NavierIOSTests.m */ = {isa = PBXFileReference; lastKnownFileType = sourcecode.c.objc; path = NavierIOSTests.m; sourceTree = "<group>"; };
		2B9A436016DB996600FD1A54 /* AVFoundation.framework */ = {isa = PBXFileReference; lastKnownFileType = wrapper.framework; name = AVFoundation.framework; path = System/Library/Frameworks/AVFoundation.framework; sourceTree = SDKROOT; };
		2B9A436216DB996B00FD1A54 /* CoreData.framework */ = {isa = PBXFileReference; lastKnownFileType = wrapper.framework; name = CoreData.framework; path = System/Library/Frameworks/CoreData.framework; sourceTree = SDKROOT; };
		2B9A436416DB997400FD1A54 /* CoreLocation.framework */ = {isa = PBXFileReference; lastKnownFileType = wrapper.framework; name = CoreLocation.framework; path = System/Library/Frameworks/CoreLocation.framework; sourceTree = SDKROOT; };
		2B9A436616DB998000FD1A54 /* GLKit.framework */ = {isa = PBXFileReference; lastKnownFileType = wrapper.framework; name = GLKit.framework; path = System/Library/Frameworks/GLKit.framework; sourceTree = SDKROOT; };
		2B9A436816DB998C00FD1A54 /* ImageIO.framework */ = {isa = PBXFileReference; lastKnownFileType = wrapper.framework; name = ImageIO.framework; path = System/Library/Frameworks/ImageIO.framework; sourceTree = SDKROOT; };
		2B9A436A16DB99A400FD1A54 /* libicucore.dylib */ = {isa = PBXFileReference; lastKnownFileType = "compiled.mach-o.dylib"; name = libicucore.dylib; path = usr/lib/libicucore.dylib; sourceTree = SDKROOT; };
		2B9A436E16DB99C000FD1A54 /* libz.dylib */ = {isa = PBXFileReference; lastKnownFileType = "compiled.mach-o.dylib"; name = libz.dylib; path = usr/lib/libz.dylib; sourceTree = SDKROOT; };
		2B9A437016DB99C700FD1A54 /* OpenGLES.framework */ = {isa = PBXFileReference; lastKnownFileType = wrapper.framework; name = OpenGLES.framework; path = System/Library/Frameworks/OpenGLES.framework; sourceTree = SDKROOT; };
		2B9A437216DB99D100FD1A54 /* QuartzCore.framework */ = {isa = PBXFileReference; lastKnownFileType = wrapper.framework; name = QuartzCore.framework; path = System/Library/Frameworks/QuartzCore.framework; sourceTree = SDKROOT; };
		2B9A437416DB99D900FD1A54 /* SystemConfiguration.framework */ = {isa = PBXFileReference; lastKnownFileType = wrapper.framework; name = SystemConfiguration.framework; path = System/Library/Frameworks/SystemConfiguration.framework; sourceTree = SDKROOT; };
		2B9A437616DB9B5F00FD1A54 /* GoogleMapUIViewController.h */ = {isa = PBXFileReference; fileEncoding = 4; lastKnownFileType = sourcecode.c.h; path = GoogleMapUIViewController.h; sourceTree = "<group>"; };
		2B9A437716DB9B5F00FD1A54 /* GoogleMapUIViewController.m */ = {isa = PBXFileReference; fileEncoding = 4; lastKnownFileType = sourcecode.c.objc; path = GoogleMapUIViewController.m; sourceTree = "<group>"; };
		2B9A437A16DBA0BC00FD1A54 /* CoreText.framework */ = {isa = PBXFileReference; lastKnownFileType = wrapper.framework; name = CoreText.framework; path = System/Library/Frameworks/CoreText.framework; sourceTree = SDKROOT; };
		2BB1185B16E31683003BB39E /* GoogleAPIKey.h */ = {isa = PBXFileReference; lastKnownFileType = sourcecode.c.h; path = GoogleAPIKey.h; sourceTree = "<group>"; };
		2BC61A48173E3DCC00990DA7 /* bg.jpg */ = {isa = PBXFileReference; lastKnownFileType = image.jpeg; path = bg.jpg; sourceTree = "<group>"; };
		2BCFE04117031BE200636F58 /* RouteTableViewController.h */ = {isa = PBXFileReference; fileEncoding = 4; lastKnownFileType = sourcecode.c.h; name = RouteTableViewController.h; path = NavierIOS/RouteTableViewController.h; sourceTree = "<group>"; };
		2BCFE04217031BE200636F58 /* RouteTableViewController.m */ = {isa = PBXFileReference; fileEncoding = 4; lastKnownFileType = sourcecode.c.objc; name = RouteTableViewController.m; path = NavierIOS/RouteTableViewController.m; sourceTree = "<group>"; };
		2BD8CE771701E9A800BDA678 /* icon-72.png */ = {isa = PBXFileReference; lastKnownFileType = image.png; path = "icon-72.png"; sourceTree = "<group>"; };
		2BD8CE781701E9A800BDA678 /* icon-72@2x.png */ = {isa = PBXFileReference; lastKnownFileType = image.png; path = "icon-72@2x.png"; sourceTree = "<group>"; };
		2BD8CE791701E9A800BDA678 /* icon.png */ = {isa = PBXFileReference; lastKnownFileType = image.png; path = icon.png; sourceTree = "<group>"; };
		2BD8CE7A1701E9A800BDA678 /* icon@2x.png */ = {isa = PBXFileReference; lastKnownFileType = image.png; path = "icon@2x.png"; sourceTree = "<group>"; };
		2BD8CE801701EB7500BDA678 /* Default.png */ = {isa = PBXFileReference; lastKnownFileType = image.png; path = Default.png; sourceTree = "<group>"; };
		2BE1CE6B174BA5830053995F /* MarkMenu.xib */ = {isa = PBXFileReference; fileEncoding = 4; lastKnownFileType = file.xib; path = MarkMenu.xib; sourceTree = "<group>"; };
		2BECCE231709B78100F58CE0 /* iAd.framework */ = {isa = PBXFileReference; lastKnownFileType = wrapper.framework; name = iAd.framework; path = System/Library/Frameworks/iAd.framework; sourceTree = SDKROOT; };
/* End PBXFileReference section */

/* Begin PBXFrameworksBuildPhase section */
		2B9A431216DB955F00FD1A54 /* Frameworks */ = {
			isa = PBXFrameworksBuildPhase;
			buildActionMask = 2147483647;
			files = (
				2B6A6BF2178719D8005FC851 /* libTestFlight.a in Frameworks */,
				2B18AA8E174877BC00277F52 /* libc++.dylib in Frameworks */,
				2BECCE241709B78100F58CE0 /* iAd.framework in Frameworks */,
				2B6CBFFE16DFAA180095CBD4 /* libNaviUtil.a in Frameworks */,
				2B9A437B16DBA0BC00FD1A54 /* CoreText.framework in Frameworks */,
				2B9A437516DB99D900FD1A54 /* SystemConfiguration.framework in Frameworks */,
				2B9A437316DB99D100FD1A54 /* QuartzCore.framework in Frameworks */,
				2B9A437116DB99C700FD1A54 /* OpenGLES.framework in Frameworks */,
				2B9A436F16DB99C000FD1A54 /* libz.dylib in Frameworks */,
				2B9A436B16DB99A400FD1A54 /* libicucore.dylib in Frameworks */,
				2B9A436916DB998C00FD1A54 /* ImageIO.framework in Frameworks */,
				2B9A436716DB998000FD1A54 /* GLKit.framework in Frameworks */,
				2B9A436516DB997400FD1A54 /* CoreLocation.framework in Frameworks */,
				2B9A436316DB996B00FD1A54 /* CoreData.framework in Frameworks */,
				2B9A436116DB996600FD1A54 /* AVFoundation.framework in Frameworks */,
				2B9A431916DB955F00FD1A54 /* UIKit.framework in Frameworks */,
				2B9A431B16DB955F00FD1A54 /* Foundation.framework in Frameworks */,
				2B9A431D16DB955F00FD1A54 /* CoreGraphics.framework in Frameworks */,
				2B18AA8A1748758A00277F52 /* GoogleMaps.framework in Frameworks */,
			);
			runOnlyForDeploymentPostprocessing = 0;
		};
		2B9A433A16DB955F00FD1A54 /* Frameworks */ = {
			isa = PBXFrameworksBuildPhase;
			buildActionMask = 2147483647;
			files = (
				2B9A434016DB955F00FD1A54 /* SenTestingKit.framework in Frameworks */,
				2B9A434116DB955F00FD1A54 /* UIKit.framework in Frameworks */,
				2B9A434216DB955F00FD1A54 /* Foundation.framework in Frameworks */,
			);
			runOnlyForDeploymentPostprocessing = 0;
		};
/* End PBXFrameworksBuildPhase section */

/* Begin PBXGroup section */
		2B1C47111788448C00ED6D98 /* CarPanel1 */ = {
			isa = PBXGroup;
			children = (
			);
			name = CarPanel1;
			sourceTree = "<group>";
		};
		2B6CBFF416DFAA030095CBD4 /* Products */ = {
			isa = PBXGroup;
			children = (
				2B6CBFF916DFAA040095CBD4 /* libNaviUtil.a */,
				2B6CBFFB16DFAA040095CBD4 /* NaviUtilTests.octest */,
			);
			name = Products;
			sourceTree = "<group>";
		};
		2B7929D017007FC300353349 /* Resources */ = {
			isa = PBXGroup;
			children = (
				2B94C8E417A5407C002581F3 /* jasmineupcbold.ttf */,
				2B94C8D617A4A744002581F3 /* Current Location.png */,
				2B94C8D717A4A744002581F3 /* Current Location@2x.png */,
				2BE15351178ED65000C55363 /* CarPanel */,
				2B8C06E71788F0730021E4F3 /* Icon and Background */,
				2B831C23177E7481006E35CD /* Green_car.png */,
				2B1E0347176C8FF100CA7172 /* turn_left45.png */,
				2B86AEA017A3C58C00A948D8 /* ic_search1.png */,
				2B1E0348176C8FF100CA7172 /* turn_left90.png */,
				2B1E0349176C8FF100CA7172 /* turn_right45.png */,
				2B1E034A176C8FF100CA7172 /* turn_right90.png */,
				2B1E034B176C8FF100CA7172 /* turn_straight.png */,
				2B17CE5F175B3E8D00F478A6 /* favor_marker.png */,
				2B17CE60175B3E8E00F478A6 /* favor_marker@2x.png */,
				2B17CE5B175B3E8100F478A6 /* office_marker.png */,
				2B17CE5C175B3E8100F478A6 /* office_marker@2x.png */,
				2B17CE57175B3E7500F478A6 /* home_marker.png */,
				2B17CE58175B3E7500F478A6 /* home_marker@2x.png */,
				2B6986591747879B0000BB2D /* searched_place_icon.png */,
				2B69865A1747879E0000BB2D /* searched_place_icon@2x.png */,
				2B17CE52175B344A00F478A6 /* Blue_car_marker.png */,
				2B17CE53175B344A00F478A6 /* Blue_car_marker@2x.png */,
				2BC61A48173E3DCC00990DA7 /* bg.jpg */,
				2B7929D717007FC300353349 /* Blue_car.png */,
				2B7929F217007FC300353349 /* Green_car_marker.png */,
				2B7929F317007FC300353349 /* Green_car_marker@2x.png */,
				2B792A0217007FC300353349 /* Map-Marker-Chequered-Flag-Right-Chartreuse_marker.png */,
				2B792A0317007FC300353349 /* Map-Marker-Chequered-Flag-Right-Chartreuse_marker@2x.png */,
				2B792A1517007FC300353349 /* minus_remove_green.png */,
				2B792A3D17007FC300353349 /* plus_add_green.png */,
				2B792A4017007FC300353349 /* setting.png */,
			);
			name = Resources;
			path = NavierIOS/Resources;
			sourceTree = "<group>";
		};
		2B8C06E71788F0730021E4F3 /* Icon and Background */ = {
			isa = PBXGroup;
			children = (
				2B1C470917883A9800ED6D98 /* Icon-72.png */,
				2B1C470A17883A9800ED6D98 /* Icon-72@2x.png */,
				2B1C470B17883A9800ED6D98 /* Icon.png */,
				2B1C470C17883A9800ED6D98 /* Icon@2x.png */,
				2B1C47021788259D00ED6D98 /* Icon@2x.png */,
				2B1C47001788258800ED6D98 /* Icon.png */,
			);
			name = "Icon and Background";
			sourceTree = "<group>";
		};
		2B9A430C16DB955F00FD1A54 = {
			isa = PBXGroup;
			children = (
				2B9A437916DB9EB500FD1A54 /* TestSample */,
				2B9A431E16DB955F00FD1A54 /* NavierIOS */,
				2B9A434516DB955F00FD1A54 /* NavierIOSTests */,
				2B9A431716DB955F00FD1A54 /* frameworks */,
				2B9A431616DB955F00FD1A54 /* Products */,
				2B7929D017007FC300353349 /* Resources */,
			);
			sourceTree = "<group>";
		};
		2B9A431616DB955F00FD1A54 /* Products */ = {
			isa = PBXGroup;
			children = (
				2B9A431516DB955F00FD1A54 /* NavierHUD.app */,
				2B9A433E16DB955F00FD1A54 /* NavierIOSTests.octest */,
			);
			name = Products;
			sourceTree = "<group>";
		};
		2B9A431716DB955F00FD1A54 /* frameworks */ = {
			isa = PBXGroup;
			children = (
				2B6CBFF316DFAA030095CBD4 /* NaviUtil.xcodeproj */,
				2B6A6BF1178719D8005FC851 /* libTestFlight.a */,
				2B18AA8B174875B200277F52 /* GoogleMaps.bundle */,
				2B18AA891748758A00277F52 /* GoogleMaps.framework */,
				2BECCE231709B78100F58CE0 /* iAd.framework */,
				2B9A437A16DBA0BC00FD1A54 /* CoreText.framework */,
				2B9A436616DB998000FD1A54 /* GLKit.framework */,
				2B9A437416DB99D900FD1A54 /* SystemConfiguration.framework */,
				2B9A437216DB99D100FD1A54 /* QuartzCore.framework */,
				2B9A437016DB99C700FD1A54 /* OpenGLES.framework */,
				2B9A436E16DB99C000FD1A54 /* libz.dylib */,
				2B9A436A16DB99A400FD1A54 /* libicucore.dylib */,
				2B18AA8D174877BC00277F52 /* libc++.dylib */,
				2B9A436816DB998C00FD1A54 /* ImageIO.framework */,
				2B9A436416DB997400FD1A54 /* CoreLocation.framework */,
				2B9A436216DB996B00FD1A54 /* CoreData.framework */,
				2B9A436016DB996600FD1A54 /* AVFoundation.framework */,
				2B9A431816DB955F00FD1A54 /* UIKit.framework */,
				2B9A431A16DB955F00FD1A54 /* Foundation.framework */,
				2B9A431C16DB955F00FD1A54 /* CoreGraphics.framework */,
				2B9A433F16DB955F00FD1A54 /* SenTestingKit.framework */,
			);
			name = frameworks;
			sourceTree = "<group>";
		};
		2B9A431E16DB955F00FD1A54 /* NavierIOS */ = {
			isa = PBXGroup;
			children = (
				2BC2C3C017A69D5D00A9AEE0 /* CarPanel */,
				2B9A433016DB955F00FD1A54 /* MainStoryboard_iPhone.storyboard */,
				2B9A433316DB955F00FD1A54 /* MainStoryboard_iPad.storyboard */,
				2B9A437616DB9B5F00FD1A54 /* GoogleMapUIViewController.h */,
				2B9A437716DB9B5F00FD1A54 /* GoogleMapUIViewController.m */,
				2B767448175CDD91008E6566 /* RouteNavigationViewController.h */,
				2B767449175CDD91008E6566 /* RouteNavigationViewController.m */,
				2B6CBF8F16DFA6050095CBD4 /* LanscapeUIViewController.h */,
				2B6CBF9016DFA6050095CBD4 /* LanscapeUIViewController.m */,
				2B8C5CAB174134B700260836 /* PlaceSearchViewController.h */,
				2B8C5CAC174134B700260836 /* PlaceSearchViewController.m */,
				2B036BBA1759CCEF003E4683 /* SavePlaceViewController.h */,
				2B036BBB1759CCEF003E4683 /* SavePlaceViewController.m */,
				2B4B311F175AF25800426D60 /* SelectPlaceViewController.h */,
				2B4B3120175AF25800426D60 /* SelectPlaceViewController.m */,
				2B9A432716DB955F00FD1A54 /* AppDelegate.h */,
				2B9A432816DB955F00FD1A54 /* AppDelegate.m */,
				2B9A433616DB955F00FD1A54 /* ViewController.h */,
				2B9A433716DB955F00FD1A54 /* ViewController.m */,
				2B9A431F16DB955F00FD1A54 /* Supporting Files */,
				2BB1185B16E31683003BB39E /* GoogleAPIKey.h */,
				2BE1CE6B174BA5830053995F /* MarkMenu.xib */,
				2B3907F0176D6B0A00E5F428 /* RouteGuideMenu.xib */,
				2B93510B177546B500721094 /* DebugMenu.xib */,
			);
			path = NavierIOS;
			sourceTree = "<group>";
		};
		2B9A431F16DB955F00FD1A54 /* Supporting Files */ = {
			isa = PBXGroup;
			children = (
				2BD8CE801701EB7500BDA678 /* Default.png */,
				2BD8CE771701E9A800BDA678 /* icon-72.png */,
				2BD8CE781701E9A800BDA678 /* icon-72@2x.png */,
				2BD8CE791701E9A800BDA678 /* icon.png */,
				2BD8CE7A1701E9A800BDA678 /* icon@2x.png */,
				2B9A432016DB955F00FD1A54 /* NavierIOS-Info.plist */,
				2B9A432116DB955F00FD1A54 /* InfoPlist.strings */,
				2B9A432416DB955F00FD1A54 /* main.m */,
				2B9A432616DB955F00FD1A54 /* NavierIOS-Prefix.pch */,
				2B9A432C16DB955F00FD1A54 /* Default@2x.png */,
				2B9A432E16DB955F00FD1A54 /* Default-568h@2x.png */,
			);
			name = "Supporting Files";
			sourceTree = "<group>";
		};
		2B9A434516DB955F00FD1A54 /* NavierIOSTests */ = {
			isa = PBXGroup;
			children = (
				2B9A434B16DB955F00FD1A54 /* NavierIOSTests.h */,
				2B9A434C16DB955F00FD1A54 /* NavierIOSTests.m */,
				2B9A434616DB955F00FD1A54 /* Supporting Files */,
			);
			path = NavierIOSTests;
			sourceTree = "<group>";
		};
		2B9A434616DB955F00FD1A54 /* Supporting Files */ = {
			isa = PBXGroup;
			children = (
				2B9A434716DB955F00FD1A54 /* NavierIOSTests-Info.plist */,
				2B9A434816DB955F00FD1A54 /* InfoPlist.strings */,
			);
			name = "Supporting Files";
			sourceTree = "<group>";
		};
		2B9A437916DB9EB500FD1A54 /* TestSample */ = {
			isa = PBXGroup;
			children = (
				2BCFE04117031BE200636F58 /* RouteTableViewController.h */,
				2BCFE04217031BE200636F58 /* RouteTableViewController.m */,
				2B9351071775433600721094 /* DebugMenuViewController.h */,
				2B9351081775433600721094 /* DebugMenuViewController.m */,
			);
			name = TestSample;
			sourceTree = "<group>";
		};
		2BC2C3C017A69D5D00A9AEE0 /* CarPanel */ = {
			isa = PBXGroup;
			children = (
				2B6FCDBF178D9CAF00DCFAAF /* CarPanels.storyboard */,
				2B831C28177E779B006E35CD /* CarPanel1ViewController.h */,
				2B831C29177E779B006E35CD /* CarPanel1ViewController.m */,
			);
			name = CarPanel;
			sourceTree = "<group>";
		};
		2BE15351178ED65000C55363 /* CarPanel */ = {
			isa = PBXGroup;
			children = (
				2B94C8F017A554D6002581F3 /* 3g.png */,
				2B94C8F117A554D6002581F3 /* 3g@2x.png */,
				2B94C90217A55548002581F3 /* battery.png */,
				2B94C8F317A554D6002581F3 /* battery@2x.png */,
				2B94C8F417A554D6002581F3 /* course frame.png */,
				2B94C8F517A554D6002581F3 /* course frame@2x.png */,
				2B94C8F617A554D6002581F3 /* gps.png */,
				2B94C8F717A554D6002581F3 /* gps@2x.png */,
				2B1C47111788448C00ED6D98 /* CarPanel1 */,
			);
			name = CarPanel;
			sourceTree = "<group>";
		};
/* End PBXGroup section */

/* Begin PBXNativeTarget section */
		2B9A431416DB955F00FD1A54 /* NavierIOS */ = {
			isa = PBXNativeTarget;
			buildConfigurationList = 2B9A435016DB955F00FD1A54 /* Build configuration list for PBXNativeTarget "NavierIOS" */;
			buildPhases = (
				2B9A431116DB955F00FD1A54 /* Sources */,
				2B9A431216DB955F00FD1A54 /* Frameworks */,
				2B9A431316DB955F00FD1A54 /* Resources */,
			);
			buildRules = (
			);
			dependencies = (
				2B6CBFFD16DFAA100095CBD4 /* PBXTargetDependency */,
			);
			name = NavierIOS;
			productName = NavierIOS;
			productReference = 2B9A431516DB955F00FD1A54 /* NavierHUD.app */;
			productType = "com.apple.product-type.application";
		};
		2B9A433D16DB955F00FD1A54 /* NavierIOSTests */ = {
			isa = PBXNativeTarget;
			buildConfigurationList = 2B9A435316DB955F00FD1A54 /* Build configuration list for PBXNativeTarget "NavierIOSTests" */;
			buildPhases = (
				2B9A433916DB955F00FD1A54 /* Sources */,
				2B9A433A16DB955F00FD1A54 /* Frameworks */,
				2B9A433B16DB955F00FD1A54 /* Resources */,
				2B9A433C16DB955F00FD1A54 /* ShellScript */,
			);
			buildRules = (
			);
			dependencies = (
				2B9A434416DB955F00FD1A54 /* PBXTargetDependency */,
			);
			name = NavierIOSTests;
			productName = NavierIOSTests;
			productReference = 2B9A433E16DB955F00FD1A54 /* NavierIOSTests.octest */;
			productType = "com.apple.product-type.bundle";
		};
/* End PBXNativeTarget section */

/* Begin PBXProject section */
		2B9A430D16DB955F00FD1A54 /* Project object */ = {
			isa = PBXProject;
			attributes = {
				LastUpgradeCheck = 0460;
				ORGANIZATIONNAME = Coming;
			};
			buildConfigurationList = 2B9A431016DB955F00FD1A54 /* Build configuration list for PBXProject "NavierIOS" */;
			compatibilityVersion = "Xcode 3.2";
			developmentRegion = English;
			hasScannedForEncodings = 0;
			knownRegions = (
				en,
			);
			mainGroup = 2B9A430C16DB955F00FD1A54;
			productRefGroup = 2B9A431616DB955F00FD1A54 /* Products */;
			projectDirPath = "";
			projectReferences = (
				{
					ProductGroup = 2B6CBFF416DFAA030095CBD4 /* Products */;
					ProjectRef = 2B6CBFF316DFAA030095CBD4 /* NaviUtil.xcodeproj */;
				},
			);
			projectRoot = "";
			targets = (
				2B9A431416DB955F00FD1A54 /* NavierIOS */,
				2B9A433D16DB955F00FD1A54 /* NavierIOSTests */,
			);
		};
/* End PBXProject section */

/* Begin PBXReferenceProxy section */
		2B6CBFF916DFAA040095CBD4 /* libNaviUtil.a */ = {
			isa = PBXReferenceProxy;
			fileType = archive.ar;
			path = libNaviUtil.a;
			remoteRef = 2B6CBFF816DFAA040095CBD4 /* PBXContainerItemProxy */;
			sourceTree = BUILT_PRODUCTS_DIR;
		};
		2B6CBFFB16DFAA040095CBD4 /* NaviUtilTests.octest */ = {
			isa = PBXReferenceProxy;
			fileType = wrapper.cfbundle;
			path = NaviUtilTests.octest;
			remoteRef = 2B6CBFFA16DFAA040095CBD4 /* PBXContainerItemProxy */;
			sourceTree = BUILT_PRODUCTS_DIR;
		};
/* End PBXReferenceProxy section */

/* Begin PBXResourcesBuildPhase section */
		2B9A431316DB955F00FD1A54 /* Resources */ = {
			isa = PBXResourcesBuildPhase;
			buildActionMask = 2147483647;
			files = (
				2B1C470D17883A9800ED6D98 /* Icon-72.png in Resources */,
				2B1C470E17883A9800ED6D98 /* Icon-72@2x.png in Resources */,
				2B1C470F17883A9800ED6D98 /* Icon.png in Resources */,
				2B1C471017883A9800ED6D98 /* Icon@2x.png in Resources */,
				2B9A432316DB955F00FD1A54 /* InfoPlist.strings in Resources */,
				2B9A432D16DB955F00FD1A54 /* Default@2x.png in Resources */,
				2B9A432F16DB955F00FD1A54 /* Default-568h@2x.png in Resources */,
				2B9A433216DB955F00FD1A54 /* MainStoryboard_iPhone.storyboard in Resources */,
				2B9A433516DB955F00FD1A54 /* MainStoryboard_iPad.storyboard in Resources */,
				2B792A5617007FC300353349 /* Blue_car.png in Resources */,
				2B792A7117007FC300353349 /* Green_car_marker.png in Resources */,
				2B792A7217007FC300353349 /* Green_car_marker@2x.png in Resources */,
				2B792A8117007FC300353349 /* Map-Marker-Chequered-Flag-Right-Chartreuse_marker.png in Resources */,
				2B792A8217007FC300353349 /* Map-Marker-Chequered-Flag-Right-Chartreuse_marker@2x.png in Resources */,
				2B792A9417007FC300353349 /* minus_remove_green.png in Resources */,
				2B792ABC17007FC300353349 /* plus_add_green.png in Resources */,
				2B792ABF17007FC300353349 /* setting.png in Resources */,
				2BD8CE811701EB7500BDA678 /* Default.png in Resources */,
				2BC61A49173E3DCC00990DA7 /* bg.jpg in Resources */,
				2B69865B174787A00000BB2D /* searched_place_icon.png in Resources */,
				2B69865C174787A00000BB2D /* searched_place_icon@2x.png in Resources */,
				2B18AA8C174875B200277F52 /* GoogleMaps.bundle in Resources */,
				2BE1CE6C174BA5830053995F /* MarkMenu.xib in Resources */,
				2B17CE54175B344A00F478A6 /* Blue_car_marker.png in Resources */,
				2B17CE55175B344A00F478A6 /* Blue_car_marker@2x.png in Resources */,
				2B17CE59175B3E7500F478A6 /* home_marker.png in Resources */,
				2B17CE5A175B3E7500F478A6 /* home_marker@2x.png in Resources */,
				2B17CE5D175B3E8100F478A6 /* office_marker.png in Resources */,
				2B17CE5E175B3E8100F478A6 /* office_marker@2x.png in Resources */,
				2B17CE61175B3E8E00F478A6 /* favor_marker.png in Resources */,
				2B17CE62175B3E8E00F478A6 /* favor_marker@2x.png in Resources */,
				2B1E034C176C8FF100CA7172 /* turn_left45.png in Resources */,
				2B1E034D176C8FF100CA7172 /* turn_left90.png in Resources */,
				2B1E034E176C8FF100CA7172 /* turn_right45.png in Resources */,
				2B1E034F176C8FF100CA7172 /* turn_right90.png in Resources */,
				2B1E0350176C8FF100CA7172 /* turn_straight.png in Resources */,
				2B3907F1176D6B0A00E5F428 /* RouteGuideMenu.xib in Resources */,
				2B93510C177546B500721094 /* DebugMenu.xib in Resources */,
				2B831C24177E7481006E35CD /* Green_car.png in Resources */,
				2B1C47011788258800ED6D98 /* Icon.png in Resources */,
				2B1C47031788259D00ED6D98 /* Icon@2x.png in Resources */,
				2B6FCDC0178D9CAF00DCFAAF /* CarPanels.storyboard in Resources */,
				2B86AEA117A3C58C00A948D8 /* ic_search1.png in Resources */,
				2B94C8D817A4A744002581F3 /* Current Location.png in Resources */,
				2B94C8D917A4A744002581F3 /* Current Location@2x.png in Resources */,
				2B94C8E517A5407C002581F3 /* jasmineupcbold.ttf in Resources */,
				2B94C8F817A554D6002581F3 /* 3g.png in Resources */,
				2B94C8F917A554D6002581F3 /* 3g@2x.png in Resources */,
				2B94C8FB17A554D6002581F3 /* battery@2x.png in Resources */,
				2B94C8FC17A554D6002581F3 /* course frame.png in Resources */,
				2B94C8FD17A554D6002581F3 /* course frame@2x.png in Resources */,
				2B94C8FE17A554D6002581F3 /* gps.png in Resources */,
				2B94C8FF17A554D6002581F3 /* gps@2x.png in Resources */,
				2B94C90317A55548002581F3 /* battery.png in Resources */,
			);
			runOnlyForDeploymentPostprocessing = 0;
		};
		2B9A433B16DB955F00FD1A54 /* Resources */ = {
			isa = PBXResourcesBuildPhase;
			buildActionMask = 2147483647;
			files = (
				2B9A434A16DB955F00FD1A54 /* InfoPlist.strings in Resources */,
			);
			runOnlyForDeploymentPostprocessing = 0;
		};
/* End PBXResourcesBuildPhase section */

/* Begin PBXShellScriptBuildPhase section */
		2B9A433C16DB955F00FD1A54 /* ShellScript */ = {
			isa = PBXShellScriptBuildPhase;
			buildActionMask = 2147483647;
			files = (
			);
			inputPaths = (
			);
			outputPaths = (
			);
			runOnlyForDeploymentPostprocessing = 0;
			shellPath = /bin/sh;
			shellScript = "# Run the unit tests in this test bundle.\n\"${SYSTEM_DEVELOPER_DIR}/Tools/RunUnitTests\"\n";
		};
/* End PBXShellScriptBuildPhase section */

/* Begin PBXSourcesBuildPhase section */
		2B9A431116DB955F00FD1A54 /* Sources */ = {
			isa = PBXSourcesBuildPhase;
			buildActionMask = 2147483647;
			files = (
				2B9A432516DB955F00FD1A54 /* main.m in Sources */,
				2B9A432916DB955F00FD1A54 /* AppDelegate.m in Sources */,
				2B9A433816DB955F00FD1A54 /* ViewController.m in Sources */,
				2B9A437816DB9B5F00FD1A54 /* GoogleMapUIViewController.m in Sources */,
				2B6CBF9116DFA6050095CBD4 /* LanscapeUIViewController.m in Sources */,
				2BCFE04317031BE200636F58 /* RouteTableViewController.m in Sources */,
				2B8C5CAD174134B700260836 /* PlaceSearchViewController.m in Sources */,
				2B036BBC1759CCEF003E4683 /* SavePlaceViewController.m in Sources */,
				2B4B3121175AF25800426D60 /* SelectPlaceViewController.m in Sources */,
				2B76744A175CDD91008E6566 /* RouteNavigationViewController.m in Sources */,
				2B9351091775433600721094 /* DebugMenuViewController.m in Sources */,
				2B831C2A177E779B006E35CD /* CarPanel1ViewController.m in Sources */,
			);
			runOnlyForDeploymentPostprocessing = 0;
		};
		2B9A433916DB955F00FD1A54 /* Sources */ = {
			isa = PBXSourcesBuildPhase;
			buildActionMask = 2147483647;
			files = (
				2B9A434D16DB955F00FD1A54 /* NavierIOSTests.m in Sources */,
			);
			runOnlyForDeploymentPostprocessing = 0;
		};
/* End PBXSourcesBuildPhase section */

/* Begin PBXTargetDependency section */
		2B6CBFFD16DFAA100095CBD4 /* PBXTargetDependency */ = {
			isa = PBXTargetDependency;
			name = NaviUtil;
			targetProxy = 2B6CBFFC16DFAA100095CBD4 /* PBXContainerItemProxy */;
		};
		2B9A434416DB955F00FD1A54 /* PBXTargetDependency */ = {
			isa = PBXTargetDependency;
			target = 2B9A431416DB955F00FD1A54 /* NavierIOS */;
			targetProxy = 2B9A434316DB955F00FD1A54 /* PBXContainerItemProxy */;
		};
/* End PBXTargetDependency section */

/* Begin PBXVariantGroup section */
		2B9A432116DB955F00FD1A54 /* InfoPlist.strings */ = {
			isa = PBXVariantGroup;
			children = (
				2B9A432216DB955F00FD1A54 /* en */,
			);
			name = InfoPlist.strings;
			sourceTree = "<group>";
		};
		2B9A433016DB955F00FD1A54 /* MainStoryboard_iPhone.storyboard */ = {
			isa = PBXVariantGroup;
			children = (
				2B9A433116DB955F00FD1A54 /* en */,
			);
			name = MainStoryboard_iPhone.storyboard;
			sourceTree = "<group>";
		};
		2B9A433316DB955F00FD1A54 /* MainStoryboard_iPad.storyboard */ = {
			isa = PBXVariantGroup;
			children = (
				2B9A433416DB955F00FD1A54 /* en */,
			);
			name = MainStoryboard_iPad.storyboard;
			sourceTree = "<group>";
		};
		2B9A434816DB955F00FD1A54 /* InfoPlist.strings */ = {
			isa = PBXVariantGroup;
			children = (
				2B9A434916DB955F00FD1A54 /* en */,
			);
			name = InfoPlist.strings;
			sourceTree = "<group>";
		};
/* End PBXVariantGroup section */

/* Begin XCBuildConfiguration section */
		2B9A434E16DB955F00FD1A54 /* Debug */ = {
			isa = XCBuildConfiguration;
			buildSettings = {
				ALWAYS_SEARCH_USER_PATHS = NO;
				CLANG_CXX_LANGUAGE_STANDARD = "gnu++0x";
				CLANG_CXX_LIBRARY = "libc++";
				CLANG_ENABLE_OBJC_ARC = YES;
				CLANG_WARN_CONSTANT_CONVERSION = YES;
				CLANG_WARN_EMPTY_BODY = YES;
				CLANG_WARN_ENUM_CONVERSION = YES;
				CLANG_WARN_INT_CONVERSION = YES;
				CLANG_WARN__DUPLICATE_METHOD_MATCH = YES;
				"CODE_SIGN_IDENTITY[sdk=iphoneos*]" = "iPhone Developer";
				COPY_PHASE_STRIP = NO;
				GCC_C_LANGUAGE_STANDARD = gnu99;
				GCC_DYNAMIC_NO_PIC = NO;
				GCC_OPTIMIZATION_LEVEL = 0;
				GCC_PREPROCESSOR_DEFINITIONS = (
					"DEBUG=1",
					"$(inherited)",
				);
				GCC_SYMBOLS_PRIVATE_EXTERN = NO;
				GCC_WARN_ABOUT_RETURN_TYPE = YES;
				GCC_WARN_UNINITIALIZED_AUTOS = YES;
				GCC_WARN_UNUSED_VARIABLE = YES;
				IPHONEOS_DEPLOYMENT_TARGET = 6.0;
				ONLY_ACTIVE_ARCH = YES;
				SDKROOT = iphoneos;
				TARGETED_DEVICE_FAMILY = 1;
			};
			name = Debug;
		};
		2B9A434F16DB955F00FD1A54 /* Release */ = {
			isa = XCBuildConfiguration;
			buildSettings = {
				ALWAYS_SEARCH_USER_PATHS = NO;
				CLANG_CXX_LANGUAGE_STANDARD = "gnu++0x";
				CLANG_CXX_LIBRARY = "libc++";
				CLANG_ENABLE_OBJC_ARC = YES;
				CLANG_WARN_CONSTANT_CONVERSION = YES;
				CLANG_WARN_EMPTY_BODY = YES;
				CLANG_WARN_ENUM_CONVERSION = YES;
				CLANG_WARN_INT_CONVERSION = YES;
				CLANG_WARN__DUPLICATE_METHOD_MATCH = YES;
				"CODE_SIGN_IDENTITY[sdk=iphoneos*]" = "iPhone Developer";
				COPY_PHASE_STRIP = YES;
				GCC_C_LANGUAGE_STANDARD = gnu99;
				GCC_WARN_ABOUT_RETURN_TYPE = YES;
				GCC_WARN_UNINITIALIZED_AUTOS = YES;
				GCC_WARN_UNUSED_VARIABLE = YES;
				IPHONEOS_DEPLOYMENT_TARGET = 6.0;
				ONLY_ACTIVE_ARCH = YES;
				OTHER_CFLAGS = "-DNS_BLOCK_ASSERTIONS=1";
				SDKROOT = iphoneos;
				TARGETED_DEVICE_FAMILY = 1;
				VALIDATE_PRODUCT = YES;
			};
			name = Release;
		};
		2B9A435116DB955F00FD1A54 /* Debug */ = {
			isa = XCBuildConfiguration;
			buildSettings = {
				FRAMEWORK_SEARCH_PATHS = (
					"$(inherited)",
					"\"$(SRCROOT)\"",
				);
				GCC_PRECOMPILE_PREFIX_HEADER = YES;
				GCC_PREFIX_HEADER = "NavierIOS/NavierIOS-Prefix.pch";
				HEADER_SEARCH_PATHS = "/Data/Program/NaviUtil/**";
				INFOPLIST_FILE = "NavierIOS/NavierIOS-Info.plist";
				IPHONEOS_DEPLOYMENT_TARGET = 5.1;
				LIBRARY_SEARCH_PATHS = (
					"$(inherited)",
					"\"$(SRCROOT)/../../ios/framework/TestFlightSDK1.2.6\"",
				);
				OTHER_LDFLAGS = "-ObjC";
				PRODUCT_NAME = NavierHUD;
				TARGETED_DEVICE_FAMILY = 1;
				WRAPPER_EXTENSION = app;
			};
			name = Debug;
		};
		2B9A435216DB955F00FD1A54 /* Release */ = {
			isa = XCBuildConfiguration;
			buildSettings = {
				FRAMEWORK_SEARCH_PATHS = (
					"$(inherited)",
					"\"$(SRCROOT)\"",
				);
				GCC_PRECOMPILE_PREFIX_HEADER = YES;
				GCC_PREFIX_HEADER = "NavierIOS/NavierIOS-Prefix.pch";
				HEADER_SEARCH_PATHS = "/Data/Program/NaviUtil/**";
				INFOPLIST_FILE = "NavierIOS/NavierIOS-Info.plist";
				IPHONEOS_DEPLOYMENT_TARGET = 5.1;
				LIBRARY_SEARCH_PATHS = (
					"$(inherited)",
					"\"$(SRCROOT)/../../ios/framework/TestFlightSDK1.2.6\"",
				);
				ONLY_ACTIVE_ARCH = YES;
				OTHER_LDFLAGS = "-ObjC";
				PRODUCT_NAME = NavierHUD;
				TARGETED_DEVICE_FAMILY = 1;
				WRAPPER_EXTENSION = app;
			};
			name = Release;
		};
		2B9A435416DB955F00FD1A54 /* Debug */ = {
			isa = XCBuildConfiguration;
			buildSettings = {
				BUNDLE_LOADER = "$(BUILT_PRODUCTS_DIR)/NavierIOS.app/NavierIOS";
				FRAMEWORK_SEARCH_PATHS = (
					"\"$(SDKROOT)/Developer/Library/Frameworks\"",
					"\"$(DEVELOPER_LIBRARY_DIR)/Frameworks\"",
				);
				GCC_PRECOMPILE_PREFIX_HEADER = YES;
				GCC_PREFIX_HEADER = "NavierIOS/NavierIOS-Prefix.pch";
				INFOPLIST_FILE = "NavierIOSTests/NavierIOSTests-Info.plist";
				PRODUCT_NAME = "$(TARGET_NAME)";
				TEST_HOST = "$(BUNDLE_LOADER)";
				WRAPPER_EXTENSION = octest;
			};
			name = Debug;
		};
		2B9A435516DB955F00FD1A54 /* Release */ = {
			isa = XCBuildConfiguration;
			buildSettings = {
				BUNDLE_LOADER = "$(BUILT_PRODUCTS_DIR)/NavierIOS.app/NavierIOS";
				FRAMEWORK_SEARCH_PATHS = (
					"\"$(SDKROOT)/Developer/Library/Frameworks\"",
					"\"$(DEVELOPER_LIBRARY_DIR)/Frameworks\"",
				);
				GCC_PRECOMPILE_PREFIX_HEADER = YES;
				GCC_PREFIX_HEADER = "NavierIOS/NavierIOS-Prefix.pch";
				INFOPLIST_FILE = "NavierIOSTests/NavierIOSTests-Info.plist";
				PRODUCT_NAME = "$(TARGET_NAME)";
				TEST_HOST = "$(BUNDLE_LOADER)";
				WRAPPER_EXTENSION = octest;
			};
			name = Release;
		};
/* End XCBuildConfiguration section */

/* Begin XCConfigurationList section */
		2B9A431016DB955F00FD1A54 /* Build configuration list for PBXProject "NavierIOS" */ = {
			isa = XCConfigurationList;
			buildConfigurations = (
				2B9A434E16DB955F00FD1A54 /* Debug */,
				2B9A434F16DB955F00FD1A54 /* Release */,
			);
			defaultConfigurationIsVisible = 0;
			defaultConfigurationName = Release;
		};
		2B9A435016DB955F00FD1A54 /* Build configuration list for PBXNativeTarget "NavierIOS" */ = {
			isa = XCConfigurationList;
			buildConfigurations = (
				2B9A435116DB955F00FD1A54 /* Debug */,
				2B9A435216DB955F00FD1A54 /* Release */,
			);
			defaultConfigurationIsVisible = 0;
			defaultConfigurationName = Release;
		};
		2B9A435316DB955F00FD1A54 /* Build configuration list for PBXNativeTarget "NavierIOSTests" */ = {
			isa = XCConfigurationList;
			buildConfigurations = (
				2B9A435416DB955F00FD1A54 /* Debug */,
				2B9A435516DB955F00FD1A54 /* Release */,
			);
			defaultConfigurationIsVisible = 0;
			defaultConfigurationName = Release;
		};
/* End XCConfigurationList section */
	};
	rootObject = 2B9A430D16DB955F00FD1A54 /* Project object */;
}
